
Microsoft Visual Studio Solution File, Format Version 12.00
# Visual Studio 15
VisualStudioVersion = 15.0.26730.16
MinimumVisualStudioVersion = 10.0.40219.1
Project("{FAE04EC0-301F-11D3-BF4B-00C04F79EFBC}") = "BubelSoft.SeleniumTests", "BubelSoft.SeleniumTests\BubelSoft.SeleniumTests.csproj", "{A6BD836E-E6CD-472B-A62C-5D658F387630}"
EndProject
Global
	GlobalSection(SolutionConfigurationPlatforms) = preSolution
		Debug|Any CPU = Debug|Any CPU
		Release|Any CPU = Release|Any CPU
	EndGlobalSection
	GlobalSection(ProjectConfigurationPlatforms) = postSolution
		{A6BD836E-E6CD-472B-A62C-5D658F387630}.Debug|Any CPU.ActiveCfg = Debug|Any CPU
		{A6BD836E-E6CD-472B-A62C-5D658F387630}.Debug|Any CPU.Build.0 = Debug|Any CPU
		{A6BD836E-E6CD-472B-A62C-5D658F387630}.Release|Any CPU.ActiveCfg = Release|Any CPU
		{A6BD836E-E6CD-472B-A62C-5D658F387630}.Release|Any CPU.Build.0 = Release|Any CPU
	EndGlobalSection
	GlobalSection(SolutionProperties) = preSolution
		HideSolutionNode = FALSE
	EndGlobalSection
	GlobalSection(ExtensibilityGlobals) = postSolution
		SolutionGuid = {AB8F0A62-6014-4E57-BDAC-46814551A5D5}
	EndGlobalSection
EndGlobal
