
Microsoft Visual Studio Solution File, Format Version 12.00
# Visual Studio 15
VisualStudioVersion = 15.0.26730.16
MinimumVisualStudioVersion = 10.0.40219.1
Project("{2150E333-8FDC-42A3-9474-1A3956D46DE8}") = "src", "src", "{BF59166F-8063-4403-879A-AE626D9C6504}"
EndProject
Project("{2150E333-8FDC-42A3-9474-1A3956D46DE8}") = "Solution Items", "Solution Items", "{649599C9-E034-43B8-B743-7A8607BE5FF4}"
EndProject
Project("{9A19103F-16F7-4668-BE54-9A1E7A4F7556}") = "WebApi", "src\WebApi\WebApi.csproj", "{66FF7943-B716-428F-98CA-7C2ABDD75212}"
EndProject
Project("{9A19103F-16F7-4668-BE54-9A1E7A4F7556}") = "BubelSoft.Building.Domain", "BuildingDatabase\BubelSoft.Building.Domain.csproj", "{D43099A2-21E5-40EC-B9A4-D7F0756AC2F8}"
EndProject
Project("{9A19103F-16F7-4668-BE54-9A1E7A4F7556}") = "BubelSoft.Core.Domain", "BubelSoft.Core.Domain\BubelSoft.Core.Domain.csproj", "{2FD986D9-9CC7-4C5C-A96E-ED39573840AE}"
EndProject
Project("{9A19103F-16F7-4668-BE54-9A1E7A4F7556}") = "BubelSoft.Core.Infrastructure", "BubelSoft.Core.Infrastructure\BubelSoft.Core.Infrastructure.csproj", "{4C4E594A-6FA8-4955-9744-1C64FB6D45BE}"
EndProject
Project("{2150E333-8FDC-42A3-9474-1A3956D46DE8}") = "Tests", "Tests", "{71B259AB-F84A-40CC-8D67-C094CD6BE5D4}"
EndProject
Project("{9A19103F-16F7-4668-BE54-9A1E7A4F7556}") = "Bubelsoft.Building.Infrastructure", "Bubelsoft.Building.Infrastructure\Bubelsoft.Building.Infrastructure.csproj", "{16596A92-A84B-4518-8495-4060D3BF16AF}"
EndProject
Project("{9A19103F-16F7-4668-BE54-9A1E7A4F7556}") = "BubelSoft.Building.Domain.UnitTests", "BubelSoft.Building.Domain.UnitTests\BubelSoft.Building.Domain.UnitTests.csproj", "{6639E355-10EC-48E7-99CA-E555853A6441}"
EndProject
Project("{9A19103F-16F7-4668-BE54-9A1E7A4F7556}") = "BubelSoft.Core.Domain.UnitTests", "BubelSoft.Core.Domain.UnitTests\BubelSoft.Core.Domain.UnitTests.csproj", "{D9695623-5AD8-4CD1-B5F2-39F386F93893}"
EndProject
Project("{9A19103F-16F7-4668-BE54-9A1E7A4F7556}") = "BubelSoft.Building.Infrasturcture.UnitTests", "BubelSoft.Building.Infrasturcture.UnitTests\BubelSoft.Building.Infrasturcture.UnitTests.csproj", "{5CFDE6B6-EF48-46B9-9187-D60E2D3BBA0D}"
EndProject
Project("{9A19103F-16F7-4668-BE54-9A1E7A4F7556}") = "BubelSoft.Core.Infrastructure.UnitTests", "BubelSoft.Core.Infrastructure.UnitTests\BubelSoft.Core.Infrastructure.UnitTests.csproj", "{1610C2F9-E422-4EF3-99B5-A76D6AE53792}"
EndProject
Project("{9A19103F-16F7-4668-BE54-9A1E7A4F7556}") = "BubelSoft.Security", "Bubelsoft.Security\BubelSoft.Security.csproj", "{1C3AED16-518F-416E-BF1A-AB18A7B09683}"
EndProject
Project("{9A19103F-16F7-4668-BE54-9A1E7A4F7556}") = "BubelSoft.Security.UnitTests", "BubelSoft.Security.UnitTests\BubelSoft.Security.UnitTests.csproj", "{4D6AA660-44F3-426F-9421-70BFBEA06F70}"
EndProject
Global
	GlobalSection(SolutionConfigurationPlatforms) = preSolution
		Debug|Any CPU = Debug|Any CPU
		Release|Any CPU = Release|Any CPU
	EndGlobalSection
	GlobalSection(ProjectConfigurationPlatforms) = postSolution
		{66FF7943-B716-428F-98CA-7C2ABDD75212}.Debug|Any CPU.ActiveCfg = Debug|Any CPU
		{66FF7943-B716-428F-98CA-7C2ABDD75212}.Debug|Any CPU.Build.0 = Debug|Any CPU
		{66FF7943-B716-428F-98CA-7C2ABDD75212}.Release|Any CPU.ActiveCfg = Release|Any CPU
		{66FF7943-B716-428F-98CA-7C2ABDD75212}.Release|Any CPU.Build.0 = Release|Any CPU
		{D43099A2-21E5-40EC-B9A4-D7F0756AC2F8}.Debug|Any CPU.ActiveCfg = Debug|Any CPU
		{D43099A2-21E5-40EC-B9A4-D7F0756AC2F8}.Debug|Any CPU.Build.0 = Debug|Any CPU
		{D43099A2-21E5-40EC-B9A4-D7F0756AC2F8}.Release|Any CPU.ActiveCfg = Release|Any CPU
		{D43099A2-21E5-40EC-B9A4-D7F0756AC2F8}.Release|Any CPU.Build.0 = Release|Any CPU
		{2FD986D9-9CC7-4C5C-A96E-ED39573840AE}.Debug|Any CPU.ActiveCfg = Debug|Any CPU
		{2FD986D9-9CC7-4C5C-A96E-ED39573840AE}.Debug|Any CPU.Build.0 = Debug|Any CPU
		{2FD986D9-9CC7-4C5C-A96E-ED39573840AE}.Release|Any CPU.ActiveCfg = Release|Any CPU
		{2FD986D9-9CC7-4C5C-A96E-ED39573840AE}.Release|Any CPU.Build.0 = Release|Any CPU
		{4C4E594A-6FA8-4955-9744-1C64FB6D45BE}.Debug|Any CPU.ActiveCfg = Debug|Any CPU
		{4C4E594A-6FA8-4955-9744-1C64FB6D45BE}.Debug|Any CPU.Build.0 = Debug|Any CPU
		{4C4E594A-6FA8-4955-9744-1C64FB6D45BE}.Release|Any CPU.ActiveCfg = Release|Any CPU
		{4C4E594A-6FA8-4955-9744-1C64FB6D45BE}.Release|Any CPU.Build.0 = Release|Any CPU
		{16596A92-A84B-4518-8495-4060D3BF16AF}.Debug|Any CPU.ActiveCfg = Debug|Any CPU
		{16596A92-A84B-4518-8495-4060D3BF16AF}.Debug|Any CPU.Build.0 = Debug|Any CPU
		{16596A92-A84B-4518-8495-4060D3BF16AF}.Release|Any CPU.ActiveCfg = Release|Any CPU
		{16596A92-A84B-4518-8495-4060D3BF16AF}.Release|Any CPU.Build.0 = Release|Any CPU
		{6639E355-10EC-48E7-99CA-E555853A6441}.Debug|Any CPU.ActiveCfg = Debug|Any CPU
		{6639E355-10EC-48E7-99CA-E555853A6441}.Debug|Any CPU.Build.0 = Debug|Any CPU
		{6639E355-10EC-48E7-99CA-E555853A6441}.Release|Any CPU.ActiveCfg = Release|Any CPU
		{6639E355-10EC-48E7-99CA-E555853A6441}.Release|Any CPU.Build.0 = Release|Any CPU
		{D9695623-5AD8-4CD1-B5F2-39F386F93893}.Debug|Any CPU.ActiveCfg = Debug|Any CPU
		{D9695623-5AD8-4CD1-B5F2-39F386F93893}.Debug|Any CPU.Build.0 = Debug|Any CPU
		{D9695623-5AD8-4CD1-B5F2-39F386F93893}.Release|Any CPU.ActiveCfg = Release|Any CPU
		{D9695623-5AD8-4CD1-B5F2-39F386F93893}.Release|Any CPU.Build.0 = Release|Any CPU
		{5CFDE6B6-EF48-46B9-9187-D60E2D3BBA0D}.Debug|Any CPU.ActiveCfg = Debug|Any CPU
		{5CFDE6B6-EF48-46B9-9187-D60E2D3BBA0D}.Debug|Any CPU.Build.0 = Debug|Any CPU
		{5CFDE6B6-EF48-46B9-9187-D60E2D3BBA0D}.Release|Any CPU.ActiveCfg = Release|Any CPU
		{5CFDE6B6-EF48-46B9-9187-D60E2D3BBA0D}.Release|Any CPU.Build.0 = Release|Any CPU
		{1610C2F9-E422-4EF3-99B5-A76D6AE53792}.Debug|Any CPU.ActiveCfg = Debug|Any CPU
		{1610C2F9-E422-4EF3-99B5-A76D6AE53792}.Debug|Any CPU.Build.0 = Debug|Any CPU
		{1610C2F9-E422-4EF3-99B5-A76D6AE53792}.Release|Any CPU.ActiveCfg = Release|Any CPU
		{1610C2F9-E422-4EF3-99B5-A76D6AE53792}.Release|Any CPU.Build.0 = Release|Any CPU
		{1C3AED16-518F-416E-BF1A-AB18A7B09683}.Debug|Any CPU.ActiveCfg = Debug|Any CPU
		{1C3AED16-518F-416E-BF1A-AB18A7B09683}.Debug|Any CPU.Build.0 = Debug|Any CPU
		{1C3AED16-518F-416E-BF1A-AB18A7B09683}.Release|Any CPU.ActiveCfg = Release|Any CPU
		{1C3AED16-518F-416E-BF1A-AB18A7B09683}.Release|Any CPU.Build.0 = Release|Any CPU
		{4D6AA660-44F3-426F-9421-70BFBEA06F70}.Debug|Any CPU.ActiveCfg = Debug|Any CPU
		{4D6AA660-44F3-426F-9421-70BFBEA06F70}.Debug|Any CPU.Build.0 = Debug|Any CPU
		{4D6AA660-44F3-426F-9421-70BFBEA06F70}.Release|Any CPU.ActiveCfg = Release|Any CPU
		{4D6AA660-44F3-426F-9421-70BFBEA06F70}.Release|Any CPU.Build.0 = Release|Any CPU
	EndGlobalSection
	GlobalSection(SolutionProperties) = preSolution
		HideSolutionNode = FALSE
	EndGlobalSection
	GlobalSection(NestedProjects) = preSolution
		{66FF7943-B716-428F-98CA-7C2ABDD75212} = {BF59166F-8063-4403-879A-AE626D9C6504}
		{D43099A2-21E5-40EC-B9A4-D7F0756AC2F8} = {BF59166F-8063-4403-879A-AE626D9C6504}
		{2FD986D9-9CC7-4C5C-A96E-ED39573840AE} = {BF59166F-8063-4403-879A-AE626D9C6504}
		{4C4E594A-6FA8-4955-9744-1C64FB6D45BE} = {BF59166F-8063-4403-879A-AE626D9C6504}
		{71B259AB-F84A-40CC-8D67-C094CD6BE5D4} = {BF59166F-8063-4403-879A-AE626D9C6504}
		{16596A92-A84B-4518-8495-4060D3BF16AF} = {BF59166F-8063-4403-879A-AE626D9C6504}
		{6639E355-10EC-48E7-99CA-E555853A6441} = {71B259AB-F84A-40CC-8D67-C094CD6BE5D4}
		{D9695623-5AD8-4CD1-B5F2-39F386F93893} = {71B259AB-F84A-40CC-8D67-C094CD6BE5D4}
		{5CFDE6B6-EF48-46B9-9187-D60E2D3BBA0D} = {71B259AB-F84A-40CC-8D67-C094CD6BE5D4}
		{1610C2F9-E422-4EF3-99B5-A76D6AE53792} = {71B259AB-F84A-40CC-8D67-C094CD6BE5D4}
		{1C3AED16-518F-416E-BF1A-AB18A7B09683} = {BF59166F-8063-4403-879A-AE626D9C6504}
		{4D6AA660-44F3-426F-9421-70BFBEA06F70} = {71B259AB-F84A-40CC-8D67-C094CD6BE5D4}
	EndGlobalSection
	GlobalSection(ExtensibilityGlobals) = postSolution
		SolutionGuid = {B24E0BF4-D161-47EE-BDFC-9800E2BEBE4F}
	EndGlobalSection
EndGlobal
